
Microsoft Visual Studio Solution File, Format Version 11.00
# Visual Studio 2010
Project("{8BC9CEB8-8B4A-11D0-8D11-00A0C91BC942}") = "SeqList", "SeqList\SeqList.vcxproj", "{18550A1A-78BC-47C4-A835-F3368FA28BEB}"
EndProject
Global
	GlobalSection(SolutionConfigurationPlatforms) = preSolution
		Debug|Win32 = Debug|Win32
		Release|Win32 = Release|Win32
	EndGlobalSection
	GlobalSection(ProjectConfigurationPlatforms) = postSolution
		{18550A1A-78BC-47C4-A835-F3368FA28BEB}.Debug|Win32.ActiveCfg = Debug|Win32
		{18550A1A-78BC-47C4-A835-F3368FA28BEB}.Debug|Win32.Build.0 = Debug|Win32
		{18550A1A-78BC-47C4-A835-F3368FA28BEB}.Release|Win32.ActiveCfg = Release|Win32
		{18550A1A-78BC-47C4-A835-F3368FA28BEB}.Release|Win32.Build.0 = Release|Win32
	EndGlobalSection
	GlobalSection(SolutionProperties) = preSolution
		HideSolutionNode = FALSE
	EndGlobalSection
EndGlobal
