
Microsoft Visual Studio Solution File, Format Version 11.00
# Visual Studio 2010
Project("{8BC9CEB8-8B4A-11D0-8D11-00A0C91BC942}") = "Heap", "Heap\Heap.vcxproj", "{A8F531CD-54FC-4D5C-994C-9D260C65E249}"
EndProject
Global
	GlobalSection(SolutionConfigurationPlatforms) = preSolution
		Debug|Win32 = Debug|Win32
		Release|Win32 = Release|Win32
	EndGlobalSection
	GlobalSection(ProjectConfigurationPlatforms) = postSolution
		{A8F531CD-54FC-4D5C-994C-9D260C65E249}.Debug|Win32.ActiveCfg = Debug|Win32
		{A8F531CD-54FC-4D5C-994C-9D260C65E249}.Debug|Win32.Build.0 = Debug|Win32
		{A8F531CD-54FC-4D5C-994C-9D260C65E249}.Release|Win32.ActiveCfg = Release|Win32
		{A8F531CD-54FC-4D5C-994C-9D260C65E249}.Release|Win32.Build.0 = Release|Win32
	EndGlobalSection
	GlobalSection(SolutionProperties) = preSolution
		HideSolutionNode = FALSE
	EndGlobalSection
EndGlobal
